{
  "name": "helloworld",
  "version": "1.0.0",
  "lockfileVersion": 1,
  "requires": true,
  "dependencies": {
    "bignumber.js": {
      "version": "8.0.2",
      "resolved": "https://registry.npmjs.org/bignumber.js/-/bignumber.js-8.0.2.tgz",
      "integrity": "sha512-EiuvFrnbv0jFixEQ9f58jo7X0qI2lNGIr/MxntmVzQc5JUweDSh8y8hbTCAomFtqwUPIOWcLXP0VEOSZTG7FFw=="
    },
    "truffle-hdwallet-provider": {
      "version": "1.0.0-web3one.5",
      "resolved": "https://registry.npmjs.org/truffle-hdwallet-provider/-/truffle-hdwallet-provider-1.0.0-web3one.5.tgz",
      "integrity": "sha512-mALnG1ahfqPFufwzNcxW6JxSzgP+FwSyHr8kFtBE/ymMH8N6S2EeUPFds7a2IKyTMZ3npTMHLTR+seTQitn2yQ=="
    }
  }
}
